
Microsoft Visual Studio Solution File, Format Version 12.00
# Visual Studio Version 16
VisualStudioVersion = 25.0.1705.2
MinimumVisualStudioVersion = 10.0.40219.1
Project("{FAE04EC0-301F-11D3-BF4B-00C04F79EFBC}") = "BulkyBookWeb", "BulkyBookWeb.csproj", "{B3C1FB2B-429D-4AF6-A752-2D2A15DFDFDF}"
EndProject
Global
	GlobalSection(SolutionConfigurationPlatforms) = preSolution
		Debug|Any CPU = Debug|Any CPU
		Release|Any CPU = Release|Any CPU
	EndGlobalSection
	GlobalSection(ProjectConfigurationPlatforms) = postSolution
		{B3C1FB2B-429D-4AF6-A752-2D2A15DFDFDF}.Debug|Any CPU.ActiveCfg = Debug|Any CPU
		{B3C1FB2B-429D-4AF6-A752-2D2A15DFDFDF}.Debug|Any CPU.Build.0 = Debug|Any CPU
		{B3C1FB2B-429D-4AF6-A752-2D2A15DFDFDF}.Release|Any CPU.ActiveCfg = Release|Any CPU
		{B3C1FB2B-429D-4AF6-A752-2D2A15DFDFDF}.Release|Any CPU.Build.0 = Release|Any CPU
	EndGlobalSection
	GlobalSection(SolutionProperties) = preSolution
		HideSolutionNode = FALSE
	EndGlobalSection
	GlobalSection(ExtensibilityGlobals) = postSolution
		SolutionGuid = {1CC57CE6-C0F0-4034-9F2E-3A921BDD1871}
	EndGlobalSection
EndGlobal
